PODS:
  - UICollectionViewGallery (0.1.0)

DEPENDENCIES:
  - UICollectionViewGallery (from `../`)

EXTERNAL SOURCES:
  UICollectionViewGallery:
    :path: "../"

SPEC CHECKSUMS:
  UICollectionViewGallery: 40e063369eebe0a50f10f6454b65b0ec0486b376

PODFILE CHECKSUM: 572fafc0e2bda3567b1ab3e4c8e4429d4c0eaeee

COCOAPODS: 1.1.1
