PODS:
  - UICollectionViewGallery (0.1.4)

DEPENDENCIES:
  - UICollectionViewGallery (from `../`)

EXTERNAL SOURCES:
  UICollectionViewGallery:
    :path: ../

SPEC CHECKSUMS:
  UICollectionViewGallery: 29e0a680cd2152e612e34c891db1e7e79d1d471d

PODFILE CHECKSUM: 4441e589f252e960e88888529ddd7eb1dd28e299

COCOAPODS: 1.3.1
