PODS:
  - UICollectionViewGallery (0.1.3)

DEPENDENCIES:
  - UICollectionViewGallery (from `../`)

EXTERNAL SOURCES:
  UICollectionViewGallery:
    :path: "../"

SPEC CHECKSUMS:
  UICollectionViewGallery: 5444d9ad0924f31c328f496ecf9342f21b9dee4c

PODFILE CHECKSUM: 4441e589f252e960e88888529ddd7eb1dd28e299

COCOAPODS: 1.1.1
